{
  "version": 4,
  "terraform_version": "1.5.7",
  "serial": 27,
  "lineage": "4fce19e4-7492-db3f-281c-aae07d706e79",
  "outputs": {
    "bigquery_dataset": {
      "value": {
        "access": [
          {
            "condition": [],
            "dataset": [],
            "domain": "",
            "group_by_email": "",
            "iam_member": "",
            "role": "OWNER",
            "routine": [],
            "special_group": "projectOwners",
            "user_by_email": "",
            "view": []
          }
        ],
        "creation_time": 1762783332868,
        "dataset_id": "foo",
        "default_collation": "",
        "default_encryption_configuration": [],
        "default_partition_expiration_ms": 0,
        "default_table_expiration_ms": 0,
        "delete_contents_on_destroy": false,
        "description": "some description",
        "effective_labels": {
          "billable": "true",
          "env": "dev",
          "goog-terraform-provisioned": "true",
          "owner": "janesmith"
        },
        "etag": "01fFzGCe2Q/xZywGBk5ffw==",
        "external_catalog_dataset_options": [],
        "external_dataset_reference": [],
        "friendly_name": "foo",
        "id": "projects/test-project-dec19/datasets/foo",
        "is_case_insensitive": false,
        "labels": {
          "billable": "true",
          "env": "dev",
          "owner": "janesmith"
        },
        "last_modified_time": 1762783332868,
        "location": "US",
        "max_time_travel_hours": "168",
        "project": "test-project-dec19",
        "resource_tags": null,
        "self_link": "https://bigquery.googleapis.com/bigquery/v2/projects/test-project-dec19/datasets/foo",
        "storage_billing_model": "",
        "terraform_labels": {
          "billable": "true",
          "env": "dev",
          "goog-terraform-provisioned": "true",
          "owner": "janesmith"
        },
        "timeouts": null
      },
      "type": [
        "object",
        {
          "access": [
            "set",
            [
              "object",
              {
                "condition": [
                  "list",
                  [
                    "object",
                    {
                      "description": "string",
                      "expression": "string",
                      "location": "string",
                      "title": "string"
                    }
                  ]
                ],
                "dataset": [
                  "list",
                  [
                    "object",
                    {
                      "dataset": [
                        "list",
                        [
                          "object",
                          {
                            "dataset_id": "string",
                            "project_id": "string"
                          }
                        ]
                      ],
                      "target_types": [
                        "list",
                        "string"
                      ]
                    }
                  ]
                ],
                "domain": "string",
                "group_by_email": "string",
                "iam_member": "string",
                "role": "string",
                "routine": [
                  "list",
                  [
                    "object",
                    {
                      "dataset_id": "string",
                      "project_id": "string",
                      "routine_id": "string"
                    }
                  ]
                ],
                "special_group": "string",
                "user_by_email": "string",
                "view": [
                  "list",
                  [
                    "object",
                    {
                      "dataset_id": "string",
                      "project_id": "string",
                      "table_id": "string"
                    }
                  ]
                ]
              }
            ]
          ],
          "creation_time": "number",
          "dataset_id": "string",
          "default_collation": "string",
          "default_encryption_configuration": [
            "list",
            [
              "object",
              {
                "kms_key_name": "string"
              }
            ]
          ],
          "default_partition_expiration_ms": "number",
          "default_table_expiration_ms": "number",
          "delete_contents_on_destroy": "bool",
          "description": "string",
          "effective_labels": [
            "map",
            "string"
          ],
          "etag": "string",
          "external_catalog_dataset_options": [
            "list",
            [
              "object",
              {
                "default_storage_location_uri": "string",
                "parameters": [
                  "map",
                  "string"
                ]
              }
            ]
          ],
          "external_dataset_reference": [
            "list",
            [
              "object",
              {
                "connection": "string",
                "external_source": "string"
              }
            ]
          ],
          "friendly_name": "string",
          "id": "string",
          "is_case_insensitive": "bool",
          "labels": [
            "map",
            "string"
          ],
          "last_modified_time": "number",
          "location": "string",
          "max_time_travel_hours": "string",
          "project": "string",
          "resource_tags": [
            "map",
            "string"
          ],
          "self_link": "string",
          "storage_billing_model": "string",
          "terraform_labels": [
            "map",
            "string"
          ],
          "timeouts": [
            "object",
            {
              "create": "string",
              "delete": "string",
              "update": "string"
            }
          ]
        }
      ]
    },
    "bigquery_tables": {
      "value": {
        "bar": {
          "biglake_configuration": [],
          "clustering": [],
          "creation_time": 1762783333628,
          "dataset_id": "foo",
          "deletion_protection": false,
          "description": "",
          "effective_labels": {
            "billable": "true",
            "env": "devops",
            "goog-terraform-provisioned": "true",
            "owner": "joedoe"
          },
          "encryption_configuration": [],
          "etag": "xV8Awf3aGBrKdxgSdPnGlg==",
          "expiration_time": 2524604400000,
          "external_catalog_table_options": [],
          "external_data_configuration": [],
          "friendly_name": "bar",
          "generated_schema_columns": "",
          "id": "projects/test-project-dec19/datasets/foo/tables/bar",
          "ignore_auto_generated_schema": false,
          "ignore_schema_changes": null,
          "labels": {
            "billable": "true",
            "env": "devops",
            "owner": "joedoe"
          },
          "last_modified_time": 1762783333737,
          "location": "US",
          "materialized_view": [],
          "max_staleness": "",
          "num_bytes": 0,
          "num_long_term_bytes": 0,
          "num_rows": 0,
          "project": "test-project-dec19",
          "range_partitioning": [],
          "require_partition_filter": false,
          "resource_tags": null,
          "schema": "[{\"description\":\"Full visitor ID\",\"mode\":\"NULLABLE\",\"name\":\"fullVisitorId\",\"type\":\"STRING\"},{\"description\":\"Visit number\",\"mode\":\"NULLABLE\",\"name\":\"visitNumber\",\"type\":\"INTEGER\"},{\"description\":\"Visit ID\",\"mode\":\"NULLABLE\",\"name\":\"visitId\",\"type\":\"INTEGER\"},{\"description\":\"Visit Start Time\",\"mode\":\"NULLABLE\",\"name\":\"visitStartTime\",\"type\":\"INTEGER\"},{\"description\":\"Full Date of Visit\",\"mode\":\"NULLABLE\",\"name\":\"fullDate\",\"type\":\"DATE\"}]",
          "schema_foreign_type_info": [],
          "self_link": "https://bigquery.googleapis.com/bigquery/v2/projects/test-project-dec19/datasets/foo/tables/bar",
          "table_constraints": [],
          "table_id": "bar",
          "table_metadata_view": null,
          "table_replication_info": [],
          "terraform_labels": {
            "billable": "true",
            "env": "devops",
            "goog-terraform-provisioned": "true",
            "owner": "joedoe"
          },
          "time_partitioning": [],
          "type": "TABLE",
          "view": []
        }
      },
      "type": [
        "object",
        {
          "bar": [
            "object",
            {
              "biglake_configuration": [
                "list",
                [
                  "object",
                  {
                    "connection_id": "string",
                    "file_format": "string",
                    "storage_uri": "string",
                    "table_format": "string"
                  }
                ]
              ],
              "clustering": [
                "list",
                "string"
              ],
              "creation_time": "number",
              "dataset_id": "string",
              "deletion_protection": "bool",
              "description": "string",
              "effective_labels": [
                "map",
                "string"
              ],
              "encryption_configuration": [
                "list",
                [
                  "object",
                  {
                    "kms_key_name": "string",
                    "kms_key_version": "string"
                  }
                ]
              ],
              "etag": "string",
              "expiration_time": "number",
              "external_catalog_table_options": [
                "list",
                [
                  "object",
                  {
                    "connection_id": "string",
                    "parameters": [
                      "map",
                      "string"
                    ],
                    "storage_descriptor": [
                      "list",
                      [
                        "object",
                        {
                          "input_format": "string",
                          "location_uri": "string",
                          "output_format": "string",
                          "serde_info": [
                            "list",
                            [
                              "object",
                              {
                                "name": "string",
                                "parameters": [
                                  "map",
                                  "string"
                                ],
                                "serialization_library": "string"
                              }
                            ]
                          ]
                        }
                      ]
                    ]
                  }
                ]
              ],
              "external_data_configuration": [
                "list",
                [
                  "object",
                  {
                    "autodetect": "bool",
                    "avro_options": [
                      "list",
                      [
                        "object",
                        {
                          "use_avro_logical_types": "bool"
                        }
                      ]
                    ],
                    "bigtable_options": [
                      "list",
                      [
                        "object",
                        {
                          "column_family": [
                            "list",
                            [
                              "object",
                              {
                                "column": [
                                  "list",
                                  [
                                    "object",
                                    {
                                      "encoding": "string",
                                      "field_name": "string",
                                      "only_read_latest": "bool",
                                      "qualifier_encoded": "string",
                                      "qualifier_string": "string",
                                      "type": "string"
                                    }
                                  ]
                                ],
                                "encoding": "string",
                                "family_id": "string",
                                "only_read_latest": "bool",
                                "type": "string"
                              }
                            ]
                          ],
                          "ignore_unspecified_column_families": "bool",
                          "output_column_families_as_json": "bool",
                          "read_rowkey_as_string": "bool"
                        }
                      ]
                    ],
                    "compression": "string",
                    "connection_id": "string",
                    "csv_options": [
                      "list",
                      [
                        "object",
                        {
                          "allow_jagged_rows": "bool",
                          "allow_quoted_newlines": "bool",
                          "encoding": "string",
                          "field_delimiter": "string",
                          "quote": "string",
                          "skip_leading_rows": "number"
                        }
                      ]
                    ],
                    "file_set_spec_type": "string",
                    "google_sheets_options": [
                      "list",
                      [
                        "object",
                        {
                          "range": "string",
                          "skip_leading_rows": "number"
                        }
                      ]
                    ],
                    "hive_partitioning_options": [
                      "list",
                      [
                        "object",
                        {
                          "mode": "string",
                          "require_partition_filter": "bool",
                          "source_uri_prefix": "string"
                        }
                      ]
                    ],
                    "ignore_unknown_values": "bool",
                    "json_extension": "string",
                    "json_options": [
                      "list",
                      [
                        "object",
                        {
                          "encoding": "string"
                        }
                      ]
                    ],
                    "max_bad_records": "number",
                    "metadata_cache_mode": "string",
                    "object_metadata": "string",
                    "parquet_options": [
                      "list",
                      [
                        "object",
                        {
                          "enable_list_inference": "bool",
                          "enum_as_string": "bool"
                        }
                      ]
                    ],
                    "reference_file_schema_uri": "string",
                    "schema": "string",
                    "source_format": "string",
                    "source_uris": [
                      "list",
                      "string"
                    ]
                  }
                ]
              ],
              "friendly_name": "string",
              "generated_schema_columns": "string",
              "id": "string",
              "ignore_auto_generated_schema": "bool",
              "ignore_schema_changes": [
                "list",
                "string"
              ],
              "labels": [
                "map",
                "string"
              ],
              "last_modified_time": "number",
              "location": "string",
              "materialized_view": [
                "list",
                [
                  "object",
                  {
                    "allow_non_incremental_definition": "bool",
                    "enable_refresh": "bool",
                    "query": "string",
                    "refresh_interval_ms": "number"
                  }
                ]
              ],
              "max_staleness": "string",
              "num_bytes": "number",
              "num_long_term_bytes": "number",
              "num_rows": "number",
              "project": "string",
              "range_partitioning": [
                "list",
                [
                  "object",
                  {
                    "field": "string",
                    "range": [
                      "list",
                      [
                        "object",
                        {
                          "end": "number",
                          "interval": "number",
                          "start": "number"
                        }
                      ]
                    ]
                  }
                ]
              ],
              "require_partition_filter": "bool",
              "resource_tags": [
                "map",
                "string"
              ],
              "schema": "string",
              "schema_foreign_type_info": [
                "list",
                [
                  "object",
                  {
                    "type_system": "string"
                  }
                ]
              ],
              "self_link": "string",
              "table_constraints": [
                "list",
                [
                  "object",
                  {
                    "foreign_keys": [
                      "list",
                      [
                        "object",
                        {
                          "column_references": [
                            "list",
                            [
                              "object",
                              {
                                "referenced_column": "string",
                                "referencing_column": "string"
                              }
                            ]
                          ],
                          "name": "string",
                          "referenced_table": [
                            "list",
                            [
                              "object",
                              {
                                "dataset_id": "string",
                                "project_id": "string",
                                "table_id": "string"
                              }
                            ]
                          ]
                        }
                      ]
                    ],
                    "primary_key": [
                      "list",
                      [
                        "object",
                        {
                          "columns": [
                            "list",
                            "string"
                          ]
                        }
                      ]
                    ]
                  }
                ]
              ],
              "table_id": "string",
              "table_metadata_view": "string",
              "table_replication_info": [
                "list",
                [
                  "object",
                  {
                    "replication_interval_ms": "number",
                    "source_dataset_id": "string",
                    "source_project_id": "string",
                    "source_table_id": "string"
                  }
                ]
              ],
              "terraform_labels": [
                "map",
                "string"
              ],
              "time_partitioning": [
                "list",
                [
                  "object",
                  {
                    "expiration_ms": "number",
                    "field": "string",
                    "require_partition_filter": "bool",
                    "type": "string"
                  }
                ]
              ],
              "type": "string",
              "view": [
                "list",
                [
                  "object",
                  {
                    "query": "string",
                    "use_legacy_sql": "bool"
                  }
                ]
              ]
            }
          ]
        }
      ]
    }
  },
  "resources": [
    {
      "module": "module.bigquery",
      "mode": "managed",
      "type": "google_bigquery_dataset",
      "name": "main",
      "provider": "provider[\"registry.terraform.io/hashicorp/google\"]",
      "instances": [
        {
          "schema_version": 0,
          "attributes": {
            "access": [
              {
                "condition": [],
                "dataset": [],
                "domain": "",
                "group_by_email": "",
                "iam_member": "",
                "role": "OWNER",
                "routine": [],
                "special_group": "projectOwners",
                "user_by_email": "",
                "view": []
              }
            ],
            "creation_time": 1762783332868,
            "dataset_id": "foo",
            "default_collation": "",
            "default_encryption_configuration": [],
            "default_partition_expiration_ms": 0,
            "default_table_expiration_ms": 0,
            "delete_contents_on_destroy": false,
            "description": "some description",
            "effective_labels": {
              "billable": "true",
              "env": "dev",
              "goog-terraform-provisioned": "true",
              "owner": "janesmith"
            },
            "etag": "01fFzGCe2Q/xZywGBk5ffw==",
            "external_catalog_dataset_options": [],
            "external_dataset_reference": [],
            "friendly_name": "foo",
            "id": "projects/test-project-dec19/datasets/foo",
            "is_case_insensitive": false,
            "labels": {
              "billable": "true",
              "env": "dev",
              "owner": "janesmith"
            },
            "last_modified_time": 1762783332868,
            "location": "US",
            "max_time_travel_hours": "168",
            "project": "test-project-dec19",
            "resource_tags": null,
            "self_link": "https://bigquery.googleapis.com/bigquery/v2/projects/test-project-dec19/datasets/foo",
            "storage_billing_model": "",
            "terraform_labels": {
              "billable": "true",
              "env": "dev",
              "goog-terraform-provisioned": "true",
              "owner": "janesmith"
            },
            "timeouts": null
          },
          "sensitive_attributes": [],
          "private": "eyJlMmJmYjczMC1lY2FhLTExZTYtOGY4OC0zNDM2M2JjN2M0YzAiOnsiY3JlYXRlIjoxMjAwMDAwMDAwMDAwLCJkZWxldGUiOjEyMDAwMDAwMDAwMDAsInVwZGF0ZSI6MTIwMDAwMDAwMDAwMH19"
        }
      ]
    },
    {
      "module": "module.bigquery",
      "mode": "managed",
      "type": "google_bigquery_table",
      "name": "main",
      "provider": "provider[\"registry.terraform.io/hashicorp/google\"]",
      "instances": [
        {
          "index_key": "bar",
          "schema_version": 0,
          "attributes": {
            "biglake_configuration": [],
            "clustering": [],
            "creation_time": 1762783333628,
            "dataset_id": "foo",
            "deletion_protection": false,
            "description": "",
            "effective_labels": {
              "billable": "true",
              "env": "devops",
              "goog-terraform-provisioned": "true",
              "owner": "joedoe"
            },
            "encryption_configuration": [],
            "etag": "xV8Awf3aGBrKdxgSdPnGlg==",
            "expiration_time": 2524604400000,
            "external_catalog_table_options": [],
            "external_data_configuration": [],
            "friendly_name": "bar",
            "generated_schema_columns": "",
            "id": "projects/test-project-dec19/datasets/foo/tables/bar",
            "ignore_auto_generated_schema": false,
            "ignore_schema_changes": null,
            "labels": {
              "billable": "true",
              "env": "devops",
              "owner": "joedoe"
            },
            "last_modified_time": 1762783333737,
            "location": "US",
            "materialized_view": [],
            "max_staleness": "",
            "num_bytes": 0,
            "num_long_term_bytes": 0,
            "num_rows": 0,
            "project": "test-project-dec19",
            "range_partitioning": [],
            "require_partition_filter": false,
            "resource_tags": null,
            "schema": "[{\"description\":\"Full visitor ID\",\"mode\":\"NULLABLE\",\"name\":\"fullVisitorId\",\"type\":\"STRING\"},{\"description\":\"Visit number\",\"mode\":\"NULLABLE\",\"name\":\"visitNumber\",\"type\":\"INTEGER\"},{\"description\":\"Visit ID\",\"mode\":\"NULLABLE\",\"name\":\"visitId\",\"type\":\"INTEGER\"},{\"description\":\"Visit Start Time\",\"mode\":\"NULLABLE\",\"name\":\"visitStartTime\",\"type\":\"INTEGER\"},{\"description\":\"Full Date of Visit\",\"mode\":\"NULLABLE\",\"name\":\"fullDate\",\"type\":\"DATE\"}]",
            "schema_foreign_type_info": [],
            "self_link": "https://bigquery.googleapis.com/bigquery/v2/projects/test-project-dec19/datasets/foo/tables/bar",
            "table_constraints": [],
            "table_id": "bar",
            "table_metadata_view": null,
            "table_replication_info": [],
            "terraform_labels": {
              "billable": "true",
              "env": "devops",
              "goog-terraform-provisioned": "true",
              "owner": "joedoe"
            },
            "time_partitioning": [],
            "type": "TABLE",
            "view": []
          },
          "sensitive_attributes": [],
          "private": "bnVsbA==",
          "dependencies": [
            "module.bigquery.google_bigquery_dataset.main"
          ]
        }
      ]
    }
  ],
  "check_results": null
}
